
Microsoft Visual Studio Solution File, Format Version 12.00
# Visual Studio 15
VisualStudioVersion = 15.0.28010.2036
MinimumVisualStudioVersion = 10.0.40219.1
Project("{FAE04EC0-301F-11D3-BF4B-00C04F79EFBC}") = "LogicLayer", "LogicLayer\LogicLayer.csproj", "{4AA93DB8-8BDC-4C2A-B465-EDDA99317EA3}"
EndProject
Project("{FAE04EC0-301F-11D3-BF4B-00C04F79EFBC}") = "EsempioTesting", "EsempioTesting\EsempioTesting.csproj", "{7A932A7F-7F0A-4046-A991-6738A0046E19}"
EndProject
Global
	GlobalSection(SolutionConfigurationPlatforms) = preSolution
		Debug|Any CPU = Debug|Any CPU
		Release|Any CPU = Release|Any CPU
	EndGlobalSection
	GlobalSection(ProjectConfigurationPlatforms) = postSolution
		{4AA93DB8-8BDC-4C2A-B465-EDDA99317EA3}.Debug|Any CPU.ActiveCfg = Debug|Any CPU
		{4AA93DB8-8BDC-4C2A-B465-EDDA99317EA3}.Debug|Any CPU.Build.0 = Debug|Any CPU
		{4AA93DB8-8BDC-4C2A-B465-EDDA99317EA3}.Release|Any CPU.ActiveCfg = Release|Any CPU
		{4AA93DB8-8BDC-4C2A-B465-EDDA99317EA3}.Release|Any CPU.Build.0 = Release|Any CPU
		{7A932A7F-7F0A-4046-A991-6738A0046E19}.Debug|Any CPU.ActiveCfg = Debug|Any CPU
		{7A932A7F-7F0A-4046-A991-6738A0046E19}.Debug|Any CPU.Build.0 = Debug|Any CPU
		{7A932A7F-7F0A-4046-A991-6738A0046E19}.Release|Any CPU.ActiveCfg = Release|Any CPU
		{7A932A7F-7F0A-4046-A991-6738A0046E19}.Release|Any CPU.Build.0 = Release|Any CPU
	EndGlobalSection
	GlobalSection(SolutionProperties) = preSolution
		HideSolutionNode = FALSE
	EndGlobalSection
	GlobalSection(ExtensibilityGlobals) = postSolution
		SolutionGuid = {9B8294CE-722F-4B9D-851B-9999C95413C1}
	EndGlobalSection
EndGlobal
